
Microsoft Visual Studio Solution File, Format Version 12.00
# Visual Studio Version 17
VisualStudioVersion = 17.1.32421.90
MinimumVisualStudioVersion = 10.0.40219.1
Project("{FAE04EC0-301F-11D3-BF4B-00C04F79EFBC}") = "AbstractFactoryDemo", "AbstractFactoryDemo\AbstractFactoryDemo.csproj", "{E769EDF9-9BAA-47B9-B259-7DF62EED8B2D}"
EndProject
Global
	GlobalSection(SolutionConfigurationPlatforms) = preSolution
		Debug|Any CPU = Debug|Any CPU
		Release|Any CPU = Release|Any CPU
	EndGlobalSection
	GlobalSection(ProjectConfigurationPlatforms) = postSolution
		{E769EDF9-9BAA-47B9-B259-7DF62EED8B2D}.Debug|Any CPU.ActiveCfg = Debug|Any CPU
		{E769EDF9-9BAA-47B9-B259-7DF62EED8B2D}.Debug|Any CPU.Build.0 = Debug|Any CPU
		{E769EDF9-9BAA-47B9-B259-7DF62EED8B2D}.Release|Any CPU.ActiveCfg = Release|Any CPU
		{E769EDF9-9BAA-47B9-B259-7DF62EED8B2D}.Release|Any CPU.Build.0 = Release|Any CPU
	EndGlobalSection
	GlobalSection(SolutionProperties) = preSolution
		HideSolutionNode = FALSE
	EndGlobalSection
	GlobalSection(ExtensibilityGlobals) = postSolution
		SolutionGuid = {DB58A728-3133-4B4A-BDCA-5846A08DBF8A}
	EndGlobalSection
EndGlobal
