
Microsoft Visual Studio Solution File, Format Version 12.00
# Visual Studio Version 17
VisualStudioVersion = 17.1.32421.90
MinimumVisualStudioVersion = 10.0.40219.1
Project("{FAE04EC0-301F-11D3-BF4B-00C04F79EFBC}") = "Builder_Computer", "Builder_Computer\Builder_Computer.csproj", "{8EB8C37B-2BCA-47D0-B929-4F1B5145FDCF}"
EndProject
Global
	GlobalSection(SolutionConfigurationPlatforms) = preSolution
		Debug|Any CPU = Debug|Any CPU
		Release|Any CPU = Release|Any CPU
	EndGlobalSection
	GlobalSection(ProjectConfigurationPlatforms) = postSolution
		{8EB8C37B-2BCA-47D0-B929-4F1B5145FDCF}.Debug|Any CPU.ActiveCfg = Debug|Any CPU
		{8EB8C37B-2BCA-47D0-B929-4F1B5145FDCF}.Debug|Any CPU.Build.0 = Debug|Any CPU
		{8EB8C37B-2BCA-47D0-B929-4F1B5145FDCF}.Release|Any CPU.ActiveCfg = Release|Any CPU
		{8EB8C37B-2BCA-47D0-B929-4F1B5145FDCF}.Release|Any CPU.Build.0 = Release|Any CPU
	EndGlobalSection
	GlobalSection(SolutionProperties) = preSolution
		HideSolutionNode = FALSE
	EndGlobalSection
	GlobalSection(ExtensibilityGlobals) = postSolution
		SolutionGuid = {D7C07896-5762-400F-BB52-788C747EFC24}
	EndGlobalSection
EndGlobal
