
Microsoft Visual Studio Solution File, Format Version 12.00
# Visual Studio Version 17
VisualStudioVersion = 17.1.32421.90
MinimumVisualStudioVersion = 10.0.40219.1
Project("{9A19103F-16F7-4668-BE54-9A1E7A4F7556}") = "Singleton_SingleThread", "Singleton_SingleThread\Singleton_SingleThread.csproj", "{ED12A7E7-FFA5-44B6-8AEE-07204002207E}"
EndProject
Project("{9A19103F-16F7-4668-BE54-9A1E7A4F7556}") = "Singleton_MultiThread", "Single_MultiThread\Singleton_MultiThread.csproj", "{506BD813-B37A-423D-AF2E-0B8DF4495271}"
EndProject
Project("{FAE04EC0-301F-11D3-BF4B-00C04F79EFBC}") = "Singleton_Estatico", "Singleton_Estatico\Singleton_Estatico.csproj", "{5E0A4349-C4AF-4391-93EE-1FCE9727A744}"
EndProject
Global
	GlobalSection(SolutionConfigurationPlatforms) = preSolution
		Debug|Any CPU = Debug|Any CPU
		Release|Any CPU = Release|Any CPU
	EndGlobalSection
	GlobalSection(ProjectConfigurationPlatforms) = postSolution
		{ED12A7E7-FFA5-44B6-8AEE-07204002207E}.Debug|Any CPU.ActiveCfg = Debug|Any CPU
		{ED12A7E7-FFA5-44B6-8AEE-07204002207E}.Debug|Any CPU.Build.0 = Debug|Any CPU
		{ED12A7E7-FFA5-44B6-8AEE-07204002207E}.Release|Any CPU.ActiveCfg = Release|Any CPU
		{ED12A7E7-FFA5-44B6-8AEE-07204002207E}.Release|Any CPU.Build.0 = Release|Any CPU
		{506BD813-B37A-423D-AF2E-0B8DF4495271}.Debug|Any CPU.ActiveCfg = Debug|Any CPU
		{506BD813-B37A-423D-AF2E-0B8DF4495271}.Debug|Any CPU.Build.0 = Debug|Any CPU
		{506BD813-B37A-423D-AF2E-0B8DF4495271}.Release|Any CPU.ActiveCfg = Release|Any CPU
		{506BD813-B37A-423D-AF2E-0B8DF4495271}.Release|Any CPU.Build.0 = Release|Any CPU
		{5E0A4349-C4AF-4391-93EE-1FCE9727A744}.Debug|Any CPU.ActiveCfg = Debug|Any CPU
		{5E0A4349-C4AF-4391-93EE-1FCE9727A744}.Debug|Any CPU.Build.0 = Debug|Any CPU
		{5E0A4349-C4AF-4391-93EE-1FCE9727A744}.Release|Any CPU.ActiveCfg = Release|Any CPU
		{5E0A4349-C4AF-4391-93EE-1FCE9727A744}.Release|Any CPU.Build.0 = Release|Any CPU
	EndGlobalSection
	GlobalSection(SolutionProperties) = preSolution
		HideSolutionNode = FALSE
	EndGlobalSection
	GlobalSection(ExtensibilityGlobals) = postSolution
		SolutionGuid = {3E503080-7D18-4BE8-A71A-C3D428B465DD}
	EndGlobalSection
EndGlobal
