
Microsoft Visual Studio Solution File, Format Version 12.00
# Visual Studio Version 17
VisualStudioVersion = 17.1.32421.90
MinimumVisualStudioVersion = 10.0.40219.1
Project("{FAE04EC0-301F-11D3-BF4B-00C04F79EFBC}") = "FactoryMethod2", "FactoryMethod2\FactoryMethod2.csproj", "{F7B092B7-ECF1-4BF9-BC4C-7990AEDA73FE}"
EndProject
Global
	GlobalSection(SolutionConfigurationPlatforms) = preSolution
		Debug|Any CPU = Debug|Any CPU
		Release|Any CPU = Release|Any CPU
	EndGlobalSection
	GlobalSection(ProjectConfigurationPlatforms) = postSolution
		{F7B092B7-ECF1-4BF9-BC4C-7990AEDA73FE}.Debug|Any CPU.ActiveCfg = Debug|Any CPU
		{F7B092B7-ECF1-4BF9-BC4C-7990AEDA73FE}.Debug|Any CPU.Build.0 = Debug|Any CPU
		{F7B092B7-ECF1-4BF9-BC4C-7990AEDA73FE}.Release|Any CPU.ActiveCfg = Release|Any CPU
		{F7B092B7-ECF1-4BF9-BC4C-7990AEDA73FE}.Release|Any CPU.Build.0 = Release|Any CPU
	EndGlobalSection
	GlobalSection(SolutionProperties) = preSolution
		HideSolutionNode = FALSE
	EndGlobalSection
	GlobalSection(ExtensibilityGlobals) = postSolution
		SolutionGuid = {D5808479-A25E-48F0-9E3A-CA8AF817B40A}
	EndGlobalSection
EndGlobal
